
Microsoft Visual Studio Solution File, Format Version 12.00
# Visual Studio 14
VisualStudioVersion = 14.0.25420.1
MinimumVisualStudioVersion = 10.0.40219.1
Project("{FAE04EC0-301F-11D3-BF4B-00C04F79EFBC}") = "NCore", "NCore\NCore.csproj", "{7EC649B4-2635-4384-9352-1F03107EADA6}"
EndProject
Project("{FAE04EC0-301F-11D3-BF4B-00C04F79EFBC}") = "NLogger", "NLogger\NLogger.csproj", "{2D3DBE54-F53E-4748-A9BF-A8DD839A0745}"
EndProject
Project("{FAE04EC0-301F-11D3-BF4B-00C04F79EFBC}") = "NDb", "NDb\NDb.csproj", "{A3CB901C-F90A-4579-BBA7-09A709A1FDD0}"
EndProject
Project("{FAE04EC0-301F-11D3-BF4B-00C04F79EFBC}") = "NCoreDemo", "NCoreDemo\NCoreDemo.csproj", "{2BF4A7EA-F074-495E-8347-0D6DF63E1A8A}"
EndProject
Global
	GlobalSection(SolutionConfigurationPlatforms) = preSolution
		Debug|Any CPU = Debug|Any CPU
		Release|Any CPU = Release|Any CPU
	EndGlobalSection
	GlobalSection(ProjectConfigurationPlatforms) = postSolution
		{7EC649B4-2635-4384-9352-1F03107EADA6}.Debug|Any CPU.ActiveCfg = Debug|Any CPU
		{7EC649B4-2635-4384-9352-1F03107EADA6}.Debug|Any CPU.Build.0 = Debug|Any CPU
		{7EC649B4-2635-4384-9352-1F03107EADA6}.Release|Any CPU.ActiveCfg = Release|Any CPU
		{7EC649B4-2635-4384-9352-1F03107EADA6}.Release|Any CPU.Build.0 = Release|Any CPU
		{2D3DBE54-F53E-4748-A9BF-A8DD839A0745}.Debug|Any CPU.ActiveCfg = Debug|Any CPU
		{2D3DBE54-F53E-4748-A9BF-A8DD839A0745}.Debug|Any CPU.Build.0 = Debug|Any CPU
		{2D3DBE54-F53E-4748-A9BF-A8DD839A0745}.Release|Any CPU.ActiveCfg = Release|Any CPU
		{2D3DBE54-F53E-4748-A9BF-A8DD839A0745}.Release|Any CPU.Build.0 = Release|Any CPU
		{A3CB901C-F90A-4579-BBA7-09A709A1FDD0}.Debug|Any CPU.ActiveCfg = Debug|Any CPU
		{A3CB901C-F90A-4579-BBA7-09A709A1FDD0}.Debug|Any CPU.Build.0 = Debug|Any CPU
		{A3CB901C-F90A-4579-BBA7-09A709A1FDD0}.Release|Any CPU.ActiveCfg = Release|Any CPU
		{A3CB901C-F90A-4579-BBA7-09A709A1FDD0}.Release|Any CPU.Build.0 = Release|Any CPU
		{2BF4A7EA-F074-495E-8347-0D6DF63E1A8A}.Debug|Any CPU.ActiveCfg = Debug|Any CPU
		{2BF4A7EA-F074-495E-8347-0D6DF63E1A8A}.Debug|Any CPU.Build.0 = Debug|Any CPU
		{2BF4A7EA-F074-495E-8347-0D6DF63E1A8A}.Release|Any CPU.ActiveCfg = Release|Any CPU
		{2BF4A7EA-F074-495E-8347-0D6DF63E1A8A}.Release|Any CPU.Build.0 = Release|Any CPU
	EndGlobalSection
	GlobalSection(SolutionProperties) = preSolution
		HideSolutionNode = FALSE
	EndGlobalSection
EndGlobal
